
Microsoft Visual Studio Solution File, Format Version 12.00
# Visual Studio Version 16
VisualStudioVersion = 16.0.30611.23
MinimumVisualStudioVersion = 10.0.40219.1
Project("{FAE04EC0-301F-11D3-BF4B-00C04F79EFBC}") = "Prb.LussenKlasgenoten.Wpf", "Prb.LussenKlasgenoten.Wpf\Prb.LussenKlasgenoten.Wpf.csproj", "{433BA701-E070-4BFA-8968-DA3AD1A0DC47}"
EndProject
Global
	GlobalSection(SolutionConfigurationPlatforms) = preSolution
		Debug|Any CPU = Debug|Any CPU
		Release|Any CPU = Release|Any CPU
	EndGlobalSection
	GlobalSection(ProjectConfigurationPlatforms) = postSolution
		{433BA701-E070-4BFA-8968-DA3AD1A0DC47}.Debug|Any CPU.ActiveCfg = Debug|Any CPU
		{433BA701-E070-4BFA-8968-DA3AD1A0DC47}.Debug|Any CPU.Build.0 = Debug|Any CPU
		{433BA701-E070-4BFA-8968-DA3AD1A0DC47}.Release|Any CPU.ActiveCfg = Release|Any CPU
		{433BA701-E070-4BFA-8968-DA3AD1A0DC47}.Release|Any CPU.Build.0 = Release|Any CPU
	EndGlobalSection
	GlobalSection(SolutionProperties) = preSolution
		HideSolutionNode = FALSE
	EndGlobalSection
	GlobalSection(ExtensibilityGlobals) = postSolution
		SolutionGuid = {B123075E-0DDD-4B86-908B-B1198C3992BC}
	EndGlobalSection
EndGlobal
